
Microsoft Visual Studio Solution File, Format Version 12.00
# Visual Studio 15
VisualStudioVersion = 15.0.27130.2010
MinimumVisualStudioVersion = 10.0.40219.1
Project("{888888A0-9F3D-457C-B088-3A5042F75D52}") = "Flask_HEALPredictionServer2018", "Flask_HEALPredictionServer2018\Flask_HEALPredictionServer2018.pyproj", "{FBE12F5D-D8F9-47D7-850C-541E14C88231}"
EndProject
Global
	GlobalSection(SolutionConfigurationPlatforms) = preSolution
		Debug|Any CPU = Debug|Any CPU
		Release|Any CPU = Release|Any CPU
	EndGlobalSection
	GlobalSection(ProjectConfigurationPlatforms) = postSolution
		{FBE12F5D-D8F9-47D7-850C-541E14C88231}.Debug|Any CPU.ActiveCfg = Debug|Any CPU
		{FBE12F5D-D8F9-47D7-850C-541E14C88231}.Debug|Any CPU.Build.0 = Debug|Any CPU
		{FBE12F5D-D8F9-47D7-850C-541E14C88231}.Release|Any CPU.ActiveCfg = Release|Any CPU
		{FBE12F5D-D8F9-47D7-850C-541E14C88231}.Release|Any CPU.Build.0 = Release|Any CPU
	EndGlobalSection
	GlobalSection(SolutionProperties) = preSolution
		HideSolutionNode = FALSE
	EndGlobalSection
	GlobalSection(ExtensibilityGlobals) = postSolution
		SolutionGuid = {6661DE82-A4BF-42B9-8FB4-C320A672ED7D}
	EndGlobalSection
EndGlobal
